
Microsoft Visual Studio Solution File, Format Version 12.00
# Visual Studio Version 16
VisualStudioVersion = 16.0.28803.352
MinimumVisualStudioVersion = 10.0.40219.1
Project("{FAE04EC0-301F-11D3-BF4B-00C04F79EFBC}") = "UsuariosRegistro", "UsuariosRegistro\UsuariosRegistro.csproj", "{D340E916-66CA-476A-A5D3-2BC3513083BD}"
EndProject
Global
	GlobalSection(SolutionConfigurationPlatforms) = preSolution
		Debug|Any CPU = Debug|Any CPU
		Release|Any CPU = Release|Any CPU
	EndGlobalSection
	GlobalSection(ProjectConfigurationPlatforms) = postSolution
		{D340E916-66CA-476A-A5D3-2BC3513083BD}.Debug|Any CPU.ActiveCfg = Debug|Any CPU
		{D340E916-66CA-476A-A5D3-2BC3513083BD}.Debug|Any CPU.Build.0 = Debug|Any CPU
		{D340E916-66CA-476A-A5D3-2BC3513083BD}.Release|Any CPU.ActiveCfg = Release|Any CPU
		{D340E916-66CA-476A-A5D3-2BC3513083BD}.Release|Any CPU.Build.0 = Release|Any CPU
	EndGlobalSection
	GlobalSection(SolutionProperties) = preSolution
		HideSolutionNode = FALSE
	EndGlobalSection
	GlobalSection(ExtensibilityGlobals) = postSolution
		SolutionGuid = {6B7AB7CB-EFF0-46A4-AD52-7DD13B899397}
	EndGlobalSection
EndGlobal
